
Microsoft Visual Studio Solution File, Format Version 12.00
# Visual Studio Version 17
VisualStudioVersion = 17.0.31903.59
MinimumVisualStudioVersion = 10.0.40219.1
Project("{2150E333-8FDC-42A3-9474-1A3956D46DE8}") = "tools", "tools", "{07C2787E-EAC7-C090-1BA3-A61EC2A24D84}"
EndProject
Project("{FAE04EC0-301F-11D3-BF4B-00C04F79EFBC}") = "ErbParser", "src\tools\dotnet\ErbParser\ErbParser.csproj", "{D18B0402-D52D-4BEF-A042-F76E9163FE2E}"
EndProject
Project("{FAE04EC0-301F-11D3-BF4B-00C04F79EFBC}") = "ErbParser.Tests", "src\tools\dotnet\ErbParser.Tests\ErbParser.Tests.csproj", "{33233603-04F2-48B2-A0C9-A2D0DABE4432}"
EndProject
Project("{FAE04EC0-301F-11D3-BF4B-00C04F79EFBC}") = "ErbToYaml", "src\tools\dotnet\ErbToYaml\ErbToYaml.csproj", "{25D66CD1-AD87-4939-8C78-1902E0767A4A}"
EndProject
Project("{FAE04EC0-301F-11D3-BF4B-00C04F79EFBC}") = "ErbToYaml.Tests", "src\tools\dotnet\ErbToYaml.Tests\ErbToYaml.Tests.csproj", "{0CB5CE78-594E-4BED-B251-938E6FC4D0C6}"
EndProject
Project("{FAE04EC0-301F-11D3-BF4B-00C04F79EFBC}") = "KojoComparer", "src\tools\dotnet\KojoComparer\KojoComparer.csproj", "{557928C3-D1A8-49FD-91B9-B13F4F5DECDB}"
EndProject
Project("{FAE04EC0-301F-11D3-BF4B-00C04F79EFBC}") = "KojoComparer.Tests", "src\tools\dotnet\KojoComparer.Tests\KojoComparer.Tests.csproj", "{60F70B14-60B8-46A2-9EC4-366DE0998108}"
EndProject
Project("{FAE04EC0-301F-11D3-BF4B-00C04F79EFBC}") = "KojoQualityValidator", "src\tools\dotnet\KojoQualityValidator\KojoQualityValidator.csproj", "{9E371276-031A-4C0A-BF61-4CA37C605F9E}"
EndProject
Project("{FAE04EC0-301F-11D3-BF4B-00C04F79EFBC}") = "KojoQualityValidator.Tests", "src\tools\dotnet\KojoQualityValidator.Tests\KojoQualityValidator.Tests.csproj", "{D4B41121-865D-4566-B34D-141D51F1DBEA}"
EndProject
Project("{FAE04EC0-301F-11D3-BF4B-00C04F79EFBC}") = "YamlSchemaGen", "src\tools\dotnet\YamlSchemaGen\YamlSchemaGen.csproj", "{78FDFC29-310E-4526-AE3E-24AAE4DC4070}"
EndProject
Project("{FAE04EC0-301F-11D3-BF4B-00C04F79EFBC}") = "YamlSchemaGen.Tests", "src\tools\dotnet\YamlSchemaGen.Tests\YamlSchemaGen.Tests.csproj", "{9E8E2C1A-C5C8-4A73-A616-DD52F67CA99D}"
EndProject
Project("{FAE04EC0-301F-11D3-BF4B-00C04F79EFBC}") = "YamlValidator", "src\tools\dotnet\YamlValidator\YamlValidator.csproj", "{8886E72F-CFAF-4680-975A-D99813E9F9A1}"
EndProject
Project("{FAE04EC0-301F-11D3-BF4B-00C04F79EFBC}") = "YamlValidator.Tests", "src\tools\dotnet\YamlValidator.Tests\YamlValidator.Tests.csproj", "{625C6F17-E5C5-4B47-A4DD-1DD684D15933}"
EndProject
Project("{FAE04EC0-301F-11D3-BF4B-00C04F79EFBC}") = "SaveAnalyzer", "src\tools\dotnet\SaveAnalyzer\SaveAnalyzer.csproj", "{73328FBB-B508-4B34-A57B-03D8112F0259}"
EndProject
Project("{FAE04EC0-301F-11D3-BF4B-00C04F79EFBC}") = "SaveAnalyzer.Tests", "src\tools\dotnet\SaveAnalyzer.Tests\SaveAnalyzer.Tests.csproj", "{73853A79-C677-4EE6-B0D1-DEB38E4F04EB}"
EndProject
Project("{FAE04EC0-301F-11D3-BF4B-00C04F79EFBC}") = "EntriesFormatMigrator", "src\tools\dotnet\EntriesFormatMigrator\EntriesFormatMigrator.csproj", "{63998DE9-B211-46BE-ACC8-EE58C1968873}"
EndProject
Project("{FAE04EC0-301F-11D3-BF4B-00C04F79EFBC}") = "EntriesFormatMigrator.Tests", "src\tools\dotnet\EntriesFormatMigrator.Tests\EntriesFormatMigrator.Tests.csproj", "{B2270387-1A46-41EA-A7EC-1E2FDD9CAB32}"
EndProject
Global
	GlobalSection(SolutionConfigurationPlatforms) = preSolution
		Debug|Any CPU = Debug|Any CPU
		Release|Any CPU = Release|Any CPU
	EndGlobalSection
	GlobalSection(ProjectConfigurationPlatforms) = postSolution
		{D18B0402-D52D-4BEF-A042-F76E9163FE2E}.Debug|Any CPU.ActiveCfg = Debug|Any CPU
		{D18B0402-D52D-4BEF-A042-F76E9163FE2E}.Debug|Any CPU.Build.0 = Debug|Any CPU
		{D18B0402-D52D-4BEF-A042-F76E9163FE2E}.Release|Any CPU.ActiveCfg = Release|Any CPU
		{D18B0402-D52D-4BEF-A042-F76E9163FE2E}.Release|Any CPU.Build.0 = Release|Any CPU
		{33233603-04F2-48B2-A0C9-A2D0DABE4432}.Debug|Any CPU.ActiveCfg = Debug|Any CPU
		{33233603-04F2-48B2-A0C9-A2D0DABE4432}.Debug|Any CPU.Build.0 = Debug|Any CPU
		{33233603-04F2-48B2-A0C9-A2D0DABE4432}.Release|Any CPU.ActiveCfg = Release|Any CPU
		{33233603-04F2-48B2-A0C9-A2D0DABE4432}.Release|Any CPU.Build.0 = Release|Any CPU
		{25D66CD1-AD87-4939-8C78-1902E0767A4A}.Debug|Any CPU.ActiveCfg = Debug|Any CPU
		{25D66CD1-AD87-4939-8C78-1902E0767A4A}.Debug|Any CPU.Build.0 = Debug|Any CPU
		{25D66CD1-AD87-4939-8C78-1902E0767A4A}.Release|Any CPU.ActiveCfg = Release|Any CPU
		{25D66CD1-AD87-4939-8C78-1902E0767A4A}.Release|Any CPU.Build.0 = Release|Any CPU
		{0CB5CE78-594E-4BED-B251-938E6FC4D0C6}.Debug|Any CPU.ActiveCfg = Debug|Any CPU
		{0CB5CE78-594E-4BED-B251-938E6FC4D0C6}.Debug|Any CPU.Build.0 = Debug|Any CPU
		{0CB5CE78-594E-4BED-B251-938E6FC4D0C6}.Release|Any CPU.ActiveCfg = Release|Any CPU
		{0CB5CE78-594E-4BED-B251-938E6FC4D0C6}.Release|Any CPU.Build.0 = Release|Any CPU
		{557928C3-D1A8-49FD-91B9-B13F4F5DECDB}.Debug|Any CPU.ActiveCfg = Debug|Any CPU
		{557928C3-D1A8-49FD-91B9-B13F4F5DECDB}.Debug|Any CPU.Build.0 = Debug|Any CPU
		{557928C3-D1A8-49FD-91B9-B13F4F5DECDB}.Release|Any CPU.ActiveCfg = Release|Any CPU
		{557928C3-D1A8-49FD-91B9-B13F4F5DECDB}.Release|Any CPU.Build.0 = Release|Any CPU
		{60F70B14-60B8-46A2-9EC4-366DE0998108}.Debug|Any CPU.ActiveCfg = Debug|Any CPU
		{60F70B14-60B8-46A2-9EC4-366DE0998108}.Debug|Any CPU.Build.0 = Debug|Any CPU
		{60F70B14-60B8-46A2-9EC4-366DE0998108}.Release|Any CPU.ActiveCfg = Release|Any CPU
		{60F70B14-60B8-46A2-9EC4-366DE0998108}.Release|Any CPU.Build.0 = Release|Any CPU
		{9E371276-031A-4C0A-BF61-4CA37C605F9E}.Debug|Any CPU.ActiveCfg = Debug|Any CPU
		{9E371276-031A-4C0A-BF61-4CA37C605F9E}.Debug|Any CPU.Build.0 = Debug|Any CPU
		{9E371276-031A-4C0A-BF61-4CA37C605F9E}.Release|Any CPU.ActiveCfg = Release|Any CPU
		{9E371276-031A-4C0A-BF61-4CA37C605F9E}.Release|Any CPU.Build.0 = Release|Any CPU
		{D4B41121-865D-4566-B34D-141D51F1DBEA}.Debug|Any CPU.ActiveCfg = Debug|Any CPU
		{D4B41121-865D-4566-B34D-141D51F1DBEA}.Debug|Any CPU.Build.0 = Debug|Any CPU
		{D4B41121-865D-4566-B34D-141D51F1DBEA}.Release|Any CPU.ActiveCfg = Release|Any CPU
		{D4B41121-865D-4566-B34D-141D51F1DBEA}.Release|Any CPU.Build.0 = Release|Any CPU
		{78FDFC29-310E-4526-AE3E-24AAE4DC4070}.Debug|Any CPU.ActiveCfg = Debug|Any CPU
		{78FDFC29-310E-4526-AE3E-24AAE4DC4070}.Debug|Any CPU.Build.0 = Debug|Any CPU
		{78FDFC29-310E-4526-AE3E-24AAE4DC4070}.Release|Any CPU.ActiveCfg = Release|Any CPU
		{78FDFC29-310E-4526-AE3E-24AAE4DC4070}.Release|Any CPU.Build.0 = Release|Any CPU
		{9E8E2C1A-C5C8-4A73-A616-DD52F67CA99D}.Debug|Any CPU.ActiveCfg = Debug|Any CPU
		{9E8E2C1A-C5C8-4A73-A616-DD52F67CA99D}.Debug|Any CPU.Build.0 = Debug|Any CPU
		{9E8E2C1A-C5C8-4A73-A616-DD52F67CA99D}.Release|Any CPU.ActiveCfg = Release|Any CPU
		{9E8E2C1A-C5C8-4A73-A616-DD52F67CA99D}.Release|Any CPU.Build.0 = Release|Any CPU
		{8886E72F-CFAF-4680-975A-D99813E9F9A1}.Debug|Any CPU.ActiveCfg = Debug|Any CPU
		{8886E72F-CFAF-4680-975A-D99813E9F9A1}.Debug|Any CPU.Build.0 = Debug|Any CPU
		{8886E72F-CFAF-4680-975A-D99813E9F9A1}.Release|Any CPU.ActiveCfg = Release|Any CPU
		{8886E72F-CFAF-4680-975A-D99813E9F9A1}.Release|Any CPU.Build.0 = Release|Any CPU
		{625C6F17-E5C5-4B47-A4DD-1DD684D15933}.Debug|Any CPU.ActiveCfg = Debug|Any CPU
		{625C6F17-E5C5-4B47-A4DD-1DD684D15933}.Debug|Any CPU.Build.0 = Debug|Any CPU
		{625C6F17-E5C5-4B47-A4DD-1DD684D15933}.Release|Any CPU.ActiveCfg = Release|Any CPU
		{625C6F17-E5C5-4B47-A4DD-1DD684D15933}.Release|Any CPU.Build.0 = Release|Any CPU
		{73328FBB-B508-4B34-A57B-03D8112F0259}.Debug|Any CPU.ActiveCfg = Debug|Any CPU
		{73328FBB-B508-4B34-A57B-03D8112F0259}.Debug|Any CPU.Build.0 = Debug|Any CPU
		{73328FBB-B508-4B34-A57B-03D8112F0259}.Release|Any CPU.ActiveCfg = Release|Any CPU
		{73328FBB-B508-4B34-A57B-03D8112F0259}.Release|Any CPU.Build.0 = Release|Any CPU
		{73853A79-C677-4EE6-B0D1-DEB38E4F04EB}.Debug|Any CPU.ActiveCfg = Debug|Any CPU
		{73853A79-C677-4EE6-B0D1-DEB38E4F04EB}.Debug|Any CPU.Build.0 = Debug|Any CPU
		{73853A79-C677-4EE6-B0D1-DEB38E4F04EB}.Release|Any CPU.ActiveCfg = Release|Any CPU
		{73853A79-C677-4EE6-B0D1-DEB38E4F04EB}.Release|Any CPU.Build.0 = Release|Any CPU
		{63998DE9-B211-46BE-ACC8-EE58C1968873}.Debug|Any CPU.ActiveCfg = Debug|Any CPU
		{63998DE9-B211-46BE-ACC8-EE58C1968873}.Debug|Any CPU.Build.0 = Debug|Any CPU
		{63998DE9-B211-46BE-ACC8-EE58C1968873}.Release|Any CPU.ActiveCfg = Release|Any CPU
		{63998DE9-B211-46BE-ACC8-EE58C1968873}.Release|Any CPU.Build.0 = Release|Any CPU
		{B2270387-1A46-41EA-A7EC-1E2FDD9CAB32}.Debug|Any CPU.ActiveCfg = Debug|Any CPU
		{B2270387-1A46-41EA-A7EC-1E2FDD9CAB32}.Debug|Any CPU.Build.0 = Debug|Any CPU
		{B2270387-1A46-41EA-A7EC-1E2FDD9CAB32}.Release|Any CPU.ActiveCfg = Release|Any CPU
		{B2270387-1A46-41EA-A7EC-1E2FDD9CAB32}.Release|Any CPU.Build.0 = Release|Any CPU
	EndGlobalSection
	GlobalSection(SolutionProperties) = preSolution
		HideSolutionNode = FALSE
	EndGlobalSection
	GlobalSection(NestedProjects) = preSolution
		{D18B0402-D52D-4BEF-A042-F76E9163FE2E} = {07C2787E-EAC7-C090-1BA3-A61EC2A24D84}
		{33233603-04F2-48B2-A0C9-A2D0DABE4432} = {07C2787E-EAC7-C090-1BA3-A61EC2A24D84}
		{25D66CD1-AD87-4939-8C78-1902E0767A4A} = {07C2787E-EAC7-C090-1BA3-A61EC2A24D84}
		{0CB5CE78-594E-4BED-B251-938E6FC4D0C6} = {07C2787E-EAC7-C090-1BA3-A61EC2A24D84}
		{557928C3-D1A8-49FD-91B9-B13F4F5DECDB} = {07C2787E-EAC7-C090-1BA3-A61EC2A24D84}
		{60F70B14-60B8-46A2-9EC4-366DE0998108} = {07C2787E-EAC7-C090-1BA3-A61EC2A24D84}
		{9E371276-031A-4C0A-BF61-4CA37C605F9E} = {07C2787E-EAC7-C090-1BA3-A61EC2A24D84}
		{D4B41121-865D-4566-B34D-141D51F1DBEA} = {07C2787E-EAC7-C090-1BA3-A61EC2A24D84}
		{78FDFC29-310E-4526-AE3E-24AAE4DC4070} = {07C2787E-EAC7-C090-1BA3-A61EC2A24D84}
		{9E8E2C1A-C5C8-4A73-A616-DD52F67CA99D} = {07C2787E-EAC7-C090-1BA3-A61EC2A24D84}
		{8886E72F-CFAF-4680-975A-D99813E9F9A1} = {07C2787E-EAC7-C090-1BA3-A61EC2A24D84}
		{625C6F17-E5C5-4B47-A4DD-1DD684D15933} = {07C2787E-EAC7-C090-1BA3-A61EC2A24D84}
		{73328FBB-B508-4B34-A57B-03D8112F0259} = {07C2787E-EAC7-C090-1BA3-A61EC2A24D84}
		{73853A79-C677-4EE6-B0D1-DEB38E4F04EB} = {07C2787E-EAC7-C090-1BA3-A61EC2A24D84}
		{63998DE9-B211-46BE-ACC8-EE58C1968873} = {07C2787E-EAC7-C090-1BA3-A61EC2A24D84}
		{B2270387-1A46-41EA-A7EC-1E2FDD9CAB32} = {07C2787E-EAC7-C090-1BA3-A61EC2A24D84}
	EndGlobalSection
EndGlobal
